
Microsoft Visual Studio Solution File, Format Version 12.00
# Visual Studio 2013
VisualStudioVersion = 12.0.30501.0
MinimumVisualStudioVersion = 10.0.40219.1
Project("{FAE04EC0-301F-11D3-BF4B-00C04F79EFBC}") = "ZhuGuan.AnQuan.BLL", "ZhuGuan.AnQuan.BLL\ZhuGuan.AnQuan.BLL.csproj", "{717ADBE8-7385-4E3C-AFA9-979B5581943B}"
EndProject
Project("{FAE04EC0-301F-11D3-BF4B-00C04F79EFBC}") = "ZhuGuan.AnQuan.Common", "ZhuGuan.AnQuan.Common\ZhuGuan.AnQuan.Common.csproj", "{33EA8516-2373-473D-9496-F1F253248F41}"
EndProject
Project("{FAE04EC0-301F-11D3-BF4B-00C04F79EFBC}") = "ZhuGuan.AnQuan.DAL", "ZhuGuan.AnQuan.DAL\ZhuGuan.AnQuan.DAL.csproj", "{C6E843BB-84F4-43A3-9539-783689DE6EE7}"
EndProject
Project("{FAE04EC0-301F-11D3-BF4B-00C04F79EFBC}") = "ZhuGuan.AnQuan.DALFactory", "ZhuGuan.AnQuan.DALFactory\ZhuGuan.AnQuan.DALFactory.csproj", "{28209FB9-CEF5-45D5-9D74-0818602D98A4}"
EndProject
Project("{FAE04EC0-301F-11D3-BF4B-00C04F79EFBC}") = "ZhuGuan.AnQuan.IBLL", "ZhuGuan.AnQuan.IBLL\ZhuGuan.AnQuan.IBLL.csproj", "{1E84B3AB-194B-4649-A269-03177217C368}"
EndProject
Project("{FAE04EC0-301F-11D3-BF4B-00C04F79EFBC}") = "ZhuGuan.AnQuan.IDAL", "ZhuGuan.AnQuan.IDAL\ZhuGuan.AnQuan.IDAL.csproj", "{FB6697F2-32FD-492D-9CEE-5BAF4DF601DB}"
EndProject
Project("{FAE04EC0-301F-11D3-BF4B-00C04F79EFBC}") = "ZhuGuan.AnQuan.Model", "ZhuGuan.AnQuan.Model\ZhuGuan.AnQuan.Model.csproj", "{39B520DE-ACFF-422D-916D-2D8DA49FF080}"
EndProject
Project("{FAE04EC0-301F-11D3-BF4B-00C04F79EFBC}") = "ZhuGuan.AnQuan.UI.Portal", "ZhuGuan.AnQuan.UI.Portal\ZhuGuan.AnQuan.UI.Portal.csproj", "{0C279485-D560-4664-88EC-5DD370CEC4A6}"
EndProject
Project("{2150E333-8FDC-42A3-9474-1A3956D46DE8}") = "BLL", "BLL", "{A1A783B9-A6AC-4446-9275-0A6023EE470C}"
EndProject
Project("{2150E333-8FDC-42A3-9474-1A3956D46DE8}") = "DAL", "DAL", "{8D5D62F4-EEC3-48FB-8174-567D52ACF75B}"
EndProject
Project("{2150E333-8FDC-42A3-9474-1A3956D46DE8}") = "Common", "Common", "{3DD0567E-F63E-462A-8DF0-94252F8848F3}"
EndProject
Project("{2150E333-8FDC-42A3-9474-1A3956D46DE8}") = "Model", "Model", "{EE14E36C-29A7-44BD-8131-767FA1846125}"
EndProject
Project("{2150E333-8FDC-42A3-9474-1A3956D46DE8}") = "UI", "UI", "{21465E50-3F56-49F3-A35B-3278CB2E68FB}"
EndProject
Project("{FAE04EC0-301F-11D3-BF4B-00C04F79EFBC}") = "ZhuGuan.AnQuan.BLLFactory", "ZhuGuan.AnQuan.BLLFactory\ZhuGuan.AnQuan.BLLFactory.csproj", "{0B2BA15B-6828-49F0-85F4-B42DD9AD8450}"
EndProject
Global
	GlobalSection(SolutionConfigurationPlatforms) = preSolution
		Debug|Any CPU = Debug|Any CPU
		Release|Any CPU = Release|Any CPU
	EndGlobalSection
	GlobalSection(ProjectConfigurationPlatforms) = postSolution
		{717ADBE8-7385-4E3C-AFA9-979B5581943B}.Debug|Any CPU.ActiveCfg = Debug|Any CPU
		{717ADBE8-7385-4E3C-AFA9-979B5581943B}.Debug|Any CPU.Build.0 = Debug|Any CPU
		{717ADBE8-7385-4E3C-AFA9-979B5581943B}.Release|Any CPU.ActiveCfg = Release|Any CPU
		{717ADBE8-7385-4E3C-AFA9-979B5581943B}.Release|Any CPU.Build.0 = Release|Any CPU
		{33EA8516-2373-473D-9496-F1F253248F41}.Debug|Any CPU.ActiveCfg = Debug|Any CPU
		{33EA8516-2373-473D-9496-F1F253248F41}.Debug|Any CPU.Build.0 = Debug|Any CPU
		{33EA8516-2373-473D-9496-F1F253248F41}.Release|Any CPU.ActiveCfg = Release|Any CPU
		{33EA8516-2373-473D-9496-F1F253248F41}.Release|Any CPU.Build.0 = Release|Any CPU
		{C6E843BB-84F4-43A3-9539-783689DE6EE7}.Debug|Any CPU.ActiveCfg = Debug|Any CPU
		{C6E843BB-84F4-43A3-9539-783689DE6EE7}.Debug|Any CPU.Build.0 = Debug|Any CPU
		{C6E843BB-84F4-43A3-9539-783689DE6EE7}.Release|Any CPU.ActiveCfg = Release|Any CPU
		{C6E843BB-84F4-43A3-9539-783689DE6EE7}.Release|Any CPU.Build.0 = Release|Any CPU
		{28209FB9-CEF5-45D5-9D74-0818602D98A4}.Debug|Any CPU.ActiveCfg = Debug|Any CPU
		{28209FB9-CEF5-45D5-9D74-0818602D98A4}.Debug|Any CPU.Build.0 = Debug|Any CPU
		{28209FB9-CEF5-45D5-9D74-0818602D98A4}.Release|Any CPU.ActiveCfg = Release|Any CPU
		{28209FB9-CEF5-45D5-9D74-0818602D98A4}.Release|Any CPU.Build.0 = Release|Any CPU
		{1E84B3AB-194B-4649-A269-03177217C368}.Debug|Any CPU.ActiveCfg = Debug|Any CPU
		{1E84B3AB-194B-4649-A269-03177217C368}.Debug|Any CPU.Build.0 = Debug|Any CPU
		{1E84B3AB-194B-4649-A269-03177217C368}.Release|Any CPU.ActiveCfg = Release|Any CPU
		{1E84B3AB-194B-4649-A269-03177217C368}.Release|Any CPU.Build.0 = Release|Any CPU
		{FB6697F2-32FD-492D-9CEE-5BAF4DF601DB}.Debug|Any CPU.ActiveCfg = Debug|Any CPU
		{FB6697F2-32FD-492D-9CEE-5BAF4DF601DB}.Debug|Any CPU.Build.0 = Debug|Any CPU
		{FB6697F2-32FD-492D-9CEE-5BAF4DF601DB}.Release|Any CPU.ActiveCfg = Release|Any CPU
		{FB6697F2-32FD-492D-9CEE-5BAF4DF601DB}.Release|Any CPU.Build.0 = Release|Any CPU
		{39B520DE-ACFF-422D-916D-2D8DA49FF080}.Debug|Any CPU.ActiveCfg = Debug|Any CPU
		{39B520DE-ACFF-422D-916D-2D8DA49FF080}.Debug|Any CPU.Build.0 = Debug|Any CPU
		{39B520DE-ACFF-422D-916D-2D8DA49FF080}.Release|Any CPU.ActiveCfg = Release|Any CPU
		{39B520DE-ACFF-422D-916D-2D8DA49FF080}.Release|Any CPU.Build.0 = Release|Any CPU
		{0C279485-D560-4664-88EC-5DD370CEC4A6}.Debug|Any CPU.ActiveCfg = Debug|Any CPU
		{0C279485-D560-4664-88EC-5DD370CEC4A6}.Debug|Any CPU.Build.0 = Debug|Any CPU
		{0C279485-D560-4664-88EC-5DD370CEC4A6}.Release|Any CPU.ActiveCfg = Release|Any CPU
		{0C279485-D560-4664-88EC-5DD370CEC4A6}.Release|Any CPU.Build.0 = Release|Any CPU
		{0B2BA15B-6828-49F0-85F4-B42DD9AD8450}.Debug|Any CPU.ActiveCfg = Debug|Any CPU
		{0B2BA15B-6828-49F0-85F4-B42DD9AD8450}.Debug|Any CPU.Build.0 = Debug|Any CPU
		{0B2BA15B-6828-49F0-85F4-B42DD9AD8450}.Release|Any CPU.ActiveCfg = Release|Any CPU
		{0B2BA15B-6828-49F0-85F4-B42DD9AD8450}.Release|Any CPU.Build.0 = Release|Any CPU
	EndGlobalSection
	GlobalSection(SolutionProperties) = preSolution
		HideSolutionNode = FALSE
	EndGlobalSection
	GlobalSection(NestedProjects) = preSolution
		{717ADBE8-7385-4E3C-AFA9-979B5581943B} = {A1A783B9-A6AC-4446-9275-0A6023EE470C}
		{33EA8516-2373-473D-9496-F1F253248F41} = {3DD0567E-F63E-462A-8DF0-94252F8848F3}
		{C6E843BB-84F4-43A3-9539-783689DE6EE7} = {8D5D62F4-EEC3-48FB-8174-567D52ACF75B}
		{28209FB9-CEF5-45D5-9D74-0818602D98A4} = {8D5D62F4-EEC3-48FB-8174-567D52ACF75B}
		{1E84B3AB-194B-4649-A269-03177217C368} = {A1A783B9-A6AC-4446-9275-0A6023EE470C}
		{FB6697F2-32FD-492D-9CEE-5BAF4DF601DB} = {8D5D62F4-EEC3-48FB-8174-567D52ACF75B}
		{39B520DE-ACFF-422D-916D-2D8DA49FF080} = {EE14E36C-29A7-44BD-8131-767FA1846125}
		{0C279485-D560-4664-88EC-5DD370CEC4A6} = {21465E50-3F56-49F3-A35B-3278CB2E68FB}
		{0B2BA15B-6828-49F0-85F4-B42DD9AD8450} = {A1A783B9-A6AC-4446-9275-0A6023EE470C}
	EndGlobalSection
EndGlobal
